{
  "name": "packages",
  "version": "0.1.0",
  "lockfileVersion": 1,
  "requires": true,
  "dependencies": {
    "@dinify/core": {
      "version": "git+ssh://git@gitlab.com:dinify/staging/core.git#72fb809e53c9fe8dc8d9fa989120b58ddf67f65e",
      "from": "git+ssh://git@gitlab.com:dinify/staging/core.git"
    }
  }
}
